<Solution>
  <!-- Fresco.Brix.slnx
       Generated by CodeBrix Develop: a CodeBrix.Platform application with
       everything that builds with the plain .NET SDK on Linux, macOS and Windows. -->
  <Project Path="src/Fresco.Brix.UI/Fresco.Brix.UI.shproj" />
  <Project Path="src/Fresco.Brix.Core/Fresco.Brix.Core.csproj" />
  <Project Path="src/Fresco.Brix.LinuxX11/Fresco.Brix.LinuxX11.csproj" />
  <Project Path="src/Fresco.Brix.LinuxWayland/Fresco.Brix.LinuxWayland.csproj" />
  <Project Path="src/Fresco.Brix.LinuxFrameBuffer/Fresco.Brix.LinuxFrameBuffer.csproj" />
  <Project Path="src/Fresco.Brix.MacOS/Fresco.Brix.MacOS.csproj" />
  <Project Path="src/Fresco.Brix.Win32Skia/Fresco.Brix.Win32Skia.csproj" />
  <Project Path="src/Fresco.Brix.WinWpfSkia/Fresco.Brix.WinWpfSkia.csproj" />
  <Folder Name="/Libraries/">
    <Project Path="src/libs/Fresco.Brix.Ly/Fresco.Brix.Ly.csproj" />
  </Folder>
  <Folder Name="/Tests/">
    <Project Path="tests/Fresco.Brix.Core.Tests/Fresco.Brix.Core.Tests.csproj" />
    <Project Path="tests/libs/Fresco.Brix.Ly.Tests/Fresco.Brix.Ly.Tests.csproj" />
  </Folder>
</Solution>
