<Solution>
  <!-- Lily.Shell.slnx
       Generated by CodeBrix Develop: a CodeBrix.Platform application with
       everything that builds with the plain .NET SDK on Linux, macOS and Windows. -->
  <Project Path="src/Lily.Shell.UI/Lily.Shell.UI.shproj" />
  <Project Path="src/Lily.Shell.Core/Lily.Shell.Core.csproj" />
  <Project Path="src/Lily.Shell.LinuxX11/Lily.Shell.LinuxX11.csproj" />
  <Project Path="src/Lily.Shell.LinuxWayland/Lily.Shell.LinuxWayland.csproj" />
  <Project Path="src/Lily.Shell.LinuxFrameBuffer/Lily.Shell.LinuxFrameBuffer.csproj" />
  <Project Path="src/Lily.Shell.MacOS/Lily.Shell.MacOS.csproj" />
  <Project Path="src/Lily.Shell.Win32Skia/Lily.Shell.Win32Skia.csproj" />
  <Project Path="src/Lily.Shell.WinWpfSkia/Lily.Shell.WinWpfSkia.csproj" />
  <Folder Name="/Solution Items/">
    <File Path="README.txt" />
    <File Path="global.json" />
  </Folder>
  <Folder Name="/Libraries/">
    <Project Path="src/libs/Lily.Shell.Kernel/Lily.Shell.Kernel.csproj" />
    <Project Path="src/libs/Lily.Shell.TerminalView/Lily.Shell.TerminalView.csproj" />
  </Folder>
  <Folder Name="/Tests/">
    <Project Path="tests/Lily.Shell.Core.Tests/Lily.Shell.Core.Tests.csproj" />
    <Project Path="tests/libs/Lily.Shell.Kernel.Tests/Lily.Shell.Kernel.Tests.csproj" />
    <Project Path="tests/libs/Lily.Shell.TerminalView.Tests/Lily.Shell.TerminalView.Tests.csproj" />
  </Folder>
</Solution>
