<Solution>
  <Folder Name="/Solution Items/">
    <File Path="THIRD-PARTY-NOTICES.txt" />
    <File Path="assets/fonts/README.txt" />
    <File Path="tools/font-build/README.txt" />
    <File Path="parser-mirror/README.txt" />
  </Folder>
  <Folder Name="/Tests/">
    <Project Path="tests/CodeBrix.LilyPort.Tests/CodeBrix.LilyPort.Tests.csproj" />
    <Project Path="tests/CodeBrix.LilyPort.Flower.Tests/CodeBrix.LilyPort.Flower.Tests.csproj" />
    <Project Path="tests/CodeBrix.LilyPort.Engine.Tests/CodeBrix.LilyPort.Engine.Tests.csproj" />
    <Project Path="tests/CodeBrix.LilyPort.Backends.Tests/CodeBrix.LilyPort.Backends.Tests.csproj" />
    <Project Path="tests/CodeBrix.LilyPort.Parsing.Tests/CodeBrix.LilyPort.Parsing.Tests.csproj" />
  </Folder>
  <Folder Name="/Tools/">
    <Project Path="tools/regression-harness/BatchDriver/CodeBrix.LilyPort.BatchDriver.csproj" />
    <Project Path="tools/regression-harness/DocsDriver/CodeBrix.LilyPort.DocsDriver.csproj" />
  </Folder>
  <Project Path="src/CodeBrix.LilyPort/CodeBrix.LilyPort.csproj" />
  <Project Path="src/CodeBrix.LilyPort.Flower/CodeBrix.LilyPort.Flower.csproj" />
  <Project Path="src/CodeBrix.LilyPort.Engine/CodeBrix.LilyPort.Engine.csproj" />
  <Project Path="src/CodeBrix.LilyPort.Backends/CodeBrix.LilyPort.Backends.csproj" />
  <Project Path="src/CodeBrix.LilyPort.Parsing/CodeBrix.LilyPort.Parsing.csproj" />
</Solution>
